
Microsoft Visual Studio Solution File, Format Version 12.00
# Visual Studio Version 17
VisualStudioVersion = 17.9.34728.123
MinimumVisualStudioVersion = 10.0.40219.1
Project("{FAE04EC0-301F-11D3-BF4B-00C04F79EFBC}") = "Memorabilia.Extensions", "Memorabilia.Extensions\Memorabilia.Extensions.csproj", "{B4C1CF4D-9FF5-4DFA-A73F-2A3A73B7CE11}"
EndProject
Global
	GlobalSection(SolutionConfigurationPlatforms) = preSolution
		Debug|Any CPU = Debug|Any CPU
		Release|Any CPU = Release|Any CPU
	EndGlobalSection
	GlobalSection(ProjectConfigurationPlatforms) = postSolution
		{B4C1CF4D-9FF5-4DFA-A73F-2A3A73B7CE11}.Debug|Any CPU.ActiveCfg = Debug|Any CPU
		{B4C1CF4D-9FF5-4DFA-A73F-2A3A73B7CE11}.Debug|Any CPU.Build.0 = Debug|Any CPU
		{B4C1CF4D-9FF5-4DFA-A73F-2A3A73B7CE11}.Release|Any CPU.ActiveCfg = Release|Any CPU
		{B4C1CF4D-9FF5-4DFA-A73F-2A3A73B7CE11}.Release|Any CPU.Build.0 = Release|Any CPU
	EndGlobalSection
	GlobalSection(SolutionProperties) = preSolution
		HideSolutionNode = FALSE
	EndGlobalSection
	GlobalSection(ExtensibilityGlobals) = postSolution
		SolutionGuid = {6EDA9A8E-D28F-4CC7-B493-963C71887924}
	EndGlobalSection
EndGlobal
